
Microsoft Visual Studio Solution File, Format Version 12.00
# Visual Studio Version 17
VisualStudioVersion = 17.5.002.0
MinimumVisualStudioVersion = 10.0.40219.1
Project("{2150E333-8FDC-42A3-9474-1A3956D46DE8}") = "src", "src", "{9945F888-385F-48D9-B938-4773C71EE117}"
EndProject
Project("{9A19103F-16F7-4668-BE54-9A1E7A4F7556}") = "Play.Common", "src\Play.Common\Play.Common.csproj", "{A26558A3-074F-49B4-921B-45ED6502687C}"
EndProject
Global
	GlobalSection(SolutionConfigurationPlatforms) = preSolution
		Debug|Any CPU = Debug|Any CPU
		Release|Any CPU = Release|Any CPU
	EndGlobalSection
	GlobalSection(ProjectConfigurationPlatforms) = postSolution
		{A26558A3-074F-49B4-921B-45ED6502687C}.Debug|Any CPU.ActiveCfg = Debug|Any CPU
		{A26558A3-074F-49B4-921B-45ED6502687C}.Debug|Any CPU.Build.0 = Debug|Any CPU
		{A26558A3-074F-49B4-921B-45ED6502687C}.Release|Any CPU.ActiveCfg = Release|Any CPU
		{A26558A3-074F-49B4-921B-45ED6502687C}.Release|Any CPU.Build.0 = Release|Any CPU
	EndGlobalSection
	GlobalSection(SolutionProperties) = preSolution
		HideSolutionNode = FALSE
	EndGlobalSection
	GlobalSection(NestedProjects) = preSolution
		{A26558A3-074F-49B4-921B-45ED6502687C} = {9945F888-385F-48D9-B938-4773C71EE117}
	EndGlobalSection
	GlobalSection(ExtensibilityGlobals) = postSolution
		SolutionGuid = {026E6131-F8C5-4887-98E3-D534134D3524}
	EndGlobalSection
EndGlobal
